<?xml version="1.0" encoding="UTF-8" standalone="yes" ?>
<CodeBlocks_project_file>
	<FileVersion major="1" minor="6" />
	<Project>
		<Option title="hlhl" />
		<Option pch_mode="2" />
		<Option compiler="gcc" />
		<Build>
			<Target title="Debug">
				<Option output="bin/Debug/hlhl" prefix_auto="1" extension_auto="1" />
				<Option object_output="obj/Debug/" />
				<Option type="1" />
				<Option compiler="gcc" />
				<Compiler>
					<Add option="-g" />
				</Compiler>
			</Target>
		</Build>
		<Compiler>
			<Add option="-Wall" />
		</Compiler>
		<Unit filename="E:/ACM/codeblocks/hlhl/AddCustomer.c">
			<Option compilerVar="CC" />
		</Unit>
		<Unit filename="E:/ACM/codeblocks/hlhl/AddFirstCustomer.c">
			<Option compilerVar="CC" />
		</Unit>
		<Unit filename="E:/ACM/codeblocks/hlhl/DisplayCustomers.c">
			<Option compilerVar="CC" />
		</Unit>
		<Unit filename="E:/ACM/codeblocks/hlhl/FindCustomer.c">
			<Option compilerVar="CC" />
		</Unit>
		<Unit filename="E:/ACM/codeblocks/hlhl/Menu.c">
			<Option compilerVar="CC" />
		</Unit>
		<Unit filename="E:/ACM/codeblocks/hlhl/RemoveFirstCustomer.c">
			<Option compilerVar="CC" />
		</Unit>
		<Unit filename="E:/ACM/codeblocks/hlhl/RemoveLastCustomer.c">
			<Option compilerVar="CC" />
		</Unit>
		<Unit filename="E:/ACM/codeblocks/hlhl/declarations.c">
			<Option compilerVar="CC" />
		</Unit>
		<Unit filename="E:/ACM/codeblocks/hlhl/main.c">
			<Option compilerVar="CC" />
		</Unit>
		<Extensions>
			<code_completion />
			<envvars />
			<debugger />
			<lib_finder disable_auto="1" />
		</Extensions>
	</Project>
</CodeBlocks_project_file>
